
Microsoft Visual Studio Solution File, Format Version 12.00
# Visual Studio Version 17
VisualStudioVersion = 17.0.31903.59
MinimumVisualStudioVersion = 10.0.40219.1
Project("{2150E333-8FDC-42A3-9474-1A3956D46DE8}") = "src", "src", "{CB02352E-B967-49A9-BDB6-9BEE888FA909}"
EndProject
Project("{FAE04EC0-301F-11D3-BF4B-00C04F79EFBC}") = "SqlLense.Core", "src\SqlLense.Core\SqlLense.Core.csproj", "{5D8A1DB4-0BF6-45F3-A601-E8F3FE383CE0}"
EndProject
Project("{2150E333-8FDC-42A3-9474-1A3956D46DE8}") = "tests", "tests", "{D935D421-4406-4FE7-9591-E40CFA341908}"
EndProject
Project("{FAE04EC0-301F-11D3-BF4B-00C04F79EFBC}") = "SqlLense.Core.Tests", "tests\SqlLense.Core.Tests\SqlLense.Core.Tests.csproj", "{FE6B601E-4771-4007-B6A2-4956CCCBE0A4}"
EndProject
Project("{FAE04EC0-301F-11D3-BF4B-00C04F79EFBC}") = "SqlLense.Analyzers", "src\SqlLense.Analyzers\SqlLense.Analyzers.csproj", "{599ED89F-FBD9-4685-B995-CBF5706F4A5B}"
EndProject
Project("{FAE04EC0-301F-11D3-BF4B-00C04F79EFBC}") = "SqlLense.Analyzers.Tests", "tests\SqlLense.Analyzers.Tests\SqlLense.Analyzers.Tests.csproj", "{D3098E32-BD69-48B6-8A7A-37FE69947BAA}"
EndProject
Project("{FAE04EC0-301F-11D3-BF4B-00C04F79EFBC}") = "SqlLense.CodeFixes", "src\SqlLense.CodeFixes\SqlLense.CodeFixes.csproj", "{9F2032FF-2590-49B4-97CD-84D99C357A54}"
EndProject
Project("{FAE04EC0-301F-11D3-BF4B-00C04F79EFBC}") = "SqlLense.SchemaReader", "src\SqlLense.SchemaReader\SqlLense.SchemaReader.csproj", "{31931018-2786-42E1-A5DC-0B6FA73629C5}"
EndProject
Project("{FAE04EC0-301F-11D3-BF4B-00C04F79EFBC}") = "SqlLense.Cli", "src\SqlLense.Cli\SqlLense.Cli.csproj", "{B79F81D0-0FFE-46BE-AF06-D6FBD8C04973}"
EndProject
Project("{FAE04EC0-301F-11D3-BF4B-00C04F79EFBC}") = "SqlLense.Vsix", "src\SqlLense.Vsix\SqlLense.Vsix.csproj", "{5D3CEE97-B634-44E0-8FED-A685F2CFF429}"
EndProject
Global
	GlobalSection(SolutionConfigurationPlatforms) = preSolution
		Debug|Any CPU = Debug|Any CPU
		Release|Any CPU = Release|Any CPU
	EndGlobalSection
	GlobalSection(SolutionProperties) = preSolution
		HideSolutionNode = FALSE
	EndGlobalSection
	GlobalSection(ProjectConfigurationPlatforms) = postSolution
		{5D8A1DB4-0BF6-45F3-A601-E8F3FE383CE0}.Debug|Any CPU.ActiveCfg = Debug|Any CPU
		{5D8A1DB4-0BF6-45F3-A601-E8F3FE383CE0}.Debug|Any CPU.Build.0 = Debug|Any CPU
		{5D8A1DB4-0BF6-45F3-A601-E8F3FE383CE0}.Release|Any CPU.ActiveCfg = Release|Any CPU
		{5D8A1DB4-0BF6-45F3-A601-E8F3FE383CE0}.Release|Any CPU.Build.0 = Release|Any CPU
		{FE6B601E-4771-4007-B6A2-4956CCCBE0A4}.Debug|Any CPU.ActiveCfg = Debug|Any CPU
		{FE6B601E-4771-4007-B6A2-4956CCCBE0A4}.Debug|Any CPU.Build.0 = Debug|Any CPU
		{FE6B601E-4771-4007-B6A2-4956CCCBE0A4}.Release|Any CPU.ActiveCfg = Release|Any CPU
		{FE6B601E-4771-4007-B6A2-4956CCCBE0A4}.Release|Any CPU.Build.0 = Release|Any CPU
		{599ED89F-FBD9-4685-B995-CBF5706F4A5B}.Debug|Any CPU.ActiveCfg = Debug|Any CPU
		{599ED89F-FBD9-4685-B995-CBF5706F4A5B}.Debug|Any CPU.Build.0 = Debug|Any CPU
		{599ED89F-FBD9-4685-B995-CBF5706F4A5B}.Release|Any CPU.ActiveCfg = Release|Any CPU
		{599ED89F-FBD9-4685-B995-CBF5706F4A5B}.Release|Any CPU.Build.0 = Release|Any CPU
		{D3098E32-BD69-48B6-8A7A-37FE69947BAA}.Debug|Any CPU.ActiveCfg = Debug|Any CPU
		{D3098E32-BD69-48B6-8A7A-37FE69947BAA}.Debug|Any CPU.Build.0 = Debug|Any CPU
		{D3098E32-BD69-48B6-8A7A-37FE69947BAA}.Release|Any CPU.ActiveCfg = Release|Any CPU
		{D3098E32-BD69-48B6-8A7A-37FE69947BAA}.Release|Any CPU.Build.0 = Release|Any CPU
		{9F2032FF-2590-49B4-97CD-84D99C357A54}.Debug|Any CPU.ActiveCfg = Debug|Any CPU
		{9F2032FF-2590-49B4-97CD-84D99C357A54}.Debug|Any CPU.Build.0 = Debug|Any CPU
		{9F2032FF-2590-49B4-97CD-84D99C357A54}.Release|Any CPU.ActiveCfg = Release|Any CPU
		{9F2032FF-2590-49B4-97CD-84D99C357A54}.Release|Any CPU.Build.0 = Release|Any CPU
		{31931018-2786-42E1-A5DC-0B6FA73629C5}.Debug|Any CPU.ActiveCfg = Debug|Any CPU
		{31931018-2786-42E1-A5DC-0B6FA73629C5}.Debug|Any CPU.Build.0 = Debug|Any CPU
		{31931018-2786-42E1-A5DC-0B6FA73629C5}.Release|Any CPU.ActiveCfg = Release|Any CPU
		{31931018-2786-42E1-A5DC-0B6FA73629C5}.Release|Any CPU.Build.0 = Release|Any CPU
		{B79F81D0-0FFE-46BE-AF06-D6FBD8C04973}.Debug|Any CPU.ActiveCfg = Debug|Any CPU
		{B79F81D0-0FFE-46BE-AF06-D6FBD8C04973}.Debug|Any CPU.Build.0 = Debug|Any CPU
		{B79F81D0-0FFE-46BE-AF06-D6FBD8C04973}.Release|Any CPU.ActiveCfg = Release|Any CPU
		{B79F81D0-0FFE-46BE-AF06-D6FBD8C04973}.Release|Any CPU.Build.0 = Release|Any CPU
		{5D3CEE97-B634-44E0-8FED-A685F2CFF429}.Debug|Any CPU.ActiveCfg = Debug|Any CPU
		{5D3CEE97-B634-44E0-8FED-A685F2CFF429}.Debug|Any CPU.Build.0 = Debug|Any CPU
		{5D3CEE97-B634-44E0-8FED-A685F2CFF429}.Release|Any CPU.ActiveCfg = Release|Any CPU
		{5D3CEE97-B634-44E0-8FED-A685F2CFF429}.Release|Any CPU.Build.0 = Release|Any CPU
	EndGlobalSection
	GlobalSection(NestedProjects) = preSolution
		{5D8A1DB4-0BF6-45F3-A601-E8F3FE383CE0} = {CB02352E-B967-49A9-BDB6-9BEE888FA909}
		{FE6B601E-4771-4007-B6A2-4956CCCBE0A4} = {D935D421-4406-4FE7-9591-E40CFA341908}
		{599ED89F-FBD9-4685-B995-CBF5706F4A5B} = {CB02352E-B967-49A9-BDB6-9BEE888FA909}
		{D3098E32-BD69-48B6-8A7A-37FE69947BAA} = {D935D421-4406-4FE7-9591-E40CFA341908}
		{9F2032FF-2590-49B4-97CD-84D99C357A54} = {CB02352E-B967-49A9-BDB6-9BEE888FA909}
		{31931018-2786-42E1-A5DC-0B6FA73629C5} = {CB02352E-B967-49A9-BDB6-9BEE888FA909}
		{B79F81D0-0FFE-46BE-AF06-D6FBD8C04973} = {CB02352E-B967-49A9-BDB6-9BEE888FA909}
		{5D3CEE97-B634-44E0-8FED-A685F2CFF429} = {CB02352E-B967-49A9-BDB6-9BEE888FA909}
	EndGlobalSection
EndGlobal
